
Microsoft Visual Studio Solution File, Format Version 12.00
# Visual Studio Version 17
VisualStudioVersion = 17.8.34511.84
MinimumVisualStudioVersion = 10.0.40219.1
Project("{FAE04EC0-301F-11D3-BF4B-00C04F79EFBC}") = "LoanApplication", "LoanApplication\LoanApplication.csproj", "{B240FF56-2E49-4319-AF28-D3D58CD49077}"
EndProject
Global
	GlobalSection(SolutionConfigurationPlatforms) = preSolution
		Debug|Any CPU = Debug|Any CPU
		Release|Any CPU = Release|Any CPU
	EndGlobalSection
	GlobalSection(ProjectConfigurationPlatforms) = postSolution
		{B240FF56-2E49-4319-AF28-D3D58CD49077}.Debug|Any CPU.ActiveCfg = Debug|Any CPU
		{B240FF56-2E49-4319-AF28-D3D58CD49077}.Debug|Any CPU.Build.0 = Debug|Any CPU
		{B240FF56-2E49-4319-AF28-D3D58CD49077}.Release|Any CPU.ActiveCfg = Release|Any CPU
		{B240FF56-2E49-4319-AF28-D3D58CD49077}.Release|Any CPU.Build.0 = Release|Any CPU
	EndGlobalSection
	GlobalSection(SolutionProperties) = preSolution
		HideSolutionNode = FALSE
	EndGlobalSection
	GlobalSection(ExtensibilityGlobals) = postSolution
		SolutionGuid = {0AECFB99-D74C-4943-B9D2-B1383E67BCBE}
	EndGlobalSection
EndGlobal
